
Microsoft Visual Studio Solution File, Format Version 12.00
# Visual Studio Version 17
VisualStudioVersion = 17.2.32519.379
MinimumVisualStudioVersion = 10.0.40219.1
Project("{FAE04EC0-301F-11D3-BF4B-00C04F79EFBC}") = "LogicalPrograms", "LogicalPrograms\LogicalPrograms.csproj", "{15FA610E-FB4A-4938-8625-693C6D240EA4}"
EndProject
Global
	GlobalSection(SolutionConfigurationPlatforms) = preSolution
		Debug|Any CPU = Debug|Any CPU
		Release|Any CPU = Release|Any CPU
	EndGlobalSection
	GlobalSection(ProjectConfigurationPlatforms) = postSolution
		{15FA610E-FB4A-4938-8625-693C6D240EA4}.Debug|Any CPU.ActiveCfg = Debug|Any CPU
		{15FA610E-FB4A-4938-8625-693C6D240EA4}.Debug|Any CPU.Build.0 = Debug|Any CPU
		{15FA610E-FB4A-4938-8625-693C6D240EA4}.Release|Any CPU.ActiveCfg = Release|Any CPU
		{15FA610E-FB4A-4938-8625-693C6D240EA4}.Release|Any CPU.Build.0 = Release|Any CPU
	EndGlobalSection
	GlobalSection(SolutionProperties) = preSolution
		HideSolutionNode = FALSE
	EndGlobalSection
	GlobalSection(ExtensibilityGlobals) = postSolution
		SolutionGuid = {BA403D2F-9F6F-467E-A13E-4DD5618FF4FF}
	EndGlobalSection
EndGlobal
